// !$*UTF8*$!
{
	archiveVersion = 1;
	classes = {
	};
	objectVersion = 54;
	objects = {
		
/* Begin PBXBuildFile section */
		831234561234567812345678 /* WaterTimeWidget.swift in Sources */ = {isa = PBXBuildFile; fileRef = 831234561234567812345679 /* WaterTimeWidget.swift */; };
		831234561234567812345679 /* WaterTimeWidgetIntents.swift in Sources */ = {isa = PBXBuildFile; fileRef = 831234561234567812345680 /* WaterTimeWidgetIntents.swift */; };
/* End PBXBuildFile section */

/* Begin PBXFileReference section */
		831234561234567812345675 /* WaterTimeWidget.appex */ = {isa = PBXFileReference; explicitFileType = "wrapper.app-extension"; includeInIndex = 0; path = WaterTimeWidget.appex; sourceTree = BUILT_PRODUCTS_DIR; };
		831234561234567812345679 /* WaterTimeWidget.swift */ = {isa = PBXFileReference; lastKnownFileType = sourcecode.swift; path = WaterTimeWidget.swift; sourceTree = "<group>"; };
		831234561234567812345680 /* WaterTimeWidgetIntents.swift */ = {isa = PBXFileReference; lastKnownFileType = sourcecode.swift; path = WaterTimeWidgetIntents.swift; sourceTree = "<group>"; };
		831234561234567812345681 /* Info.plist */ = {isa = PBXFileReference; lastKnownFileType = text.plist.xml; path = Info.plist; sourceTree = "<group>"; };
/* End PBXFileReference section */

/* Begin PBXFrameworksBuildPhase section */
		831234561234567812345672 /* Frameworks */ = {
			isa = PBXFrameworksBuildPhase;
			buildActionMask = 2147483647;
			files = (
			);
			runOnlyForDeploymentPostprocessing = 0;
		};
/* End PBXFrameworksBuildPhase section */

/* Begin PBXGroup section */
		83123456123456781234566E /* WaterTimeWidget */ = {
			isa = PBXGroup;
			children = (
				831234561234567812345679 /* WaterTimeWidget.swift */,
				831234561234567812345680 /* WaterTimeWidgetIntents.swift */,
				831234561234567812345681 /* Info.plist */,
			);
			path = WaterTimeWidget;
			sourceTree = "<group>";
		};
		831234561234567812345674 /* Products */ = {
			isa = PBXGroup;
			children = (
				831234561234567812345675 /* WaterTimeWidget.appex */,
			);
			name = Products;
			sourceTree = "<group>";
		};
		83123456123456781234566D /* */ = {
			isa = PBXGroup;
			children = (
				83123456123456781234566E /* WaterTimeWidget */,
				831234561234567812345674 /* Products */,
			);
			sourceTree = "<group>";
		};
/* End PBXGroup section */

/* Begin PBXNativeTarget section */
		831234561234567812345673 /* WaterTimeWidget */ = {
			isa = PBXNativeTarget;
			buildConfigurationList = 83123456123456781234567D /* Build configuration list for PBXNativeTarget "WaterTimeWidget" */;
			buildPhases = (
				831234561234567812345670 /* Sources */,
				831234561234567812345672 /* Frameworks */,
				831234561234567812345674 /* Resources */,
			);
			buildRules = (
			);
			dependencies = (
			);
			name = WaterTimeWidget;
			productName = WaterTimeWidget;
			productReference = 831234561234567812345675 /* WaterTimeWidget.appex */;
			productType = "com.apple.product-type.app-extension";
		};
/* End PBXNativeTarget section */

/* Begin PBXProject section */
		83123456123456781234566C /* Project object */ = {
			isa = PBXProject;
			attributes = {
				LastSwiftUpdateCheck = 1500;
				LastUpgradeCheck = 1500;
				TargetAttributes = {
					831234561234567812345673 = {
						CreatedOnToolsVersion = 15.0;
					};
				};
			};
			buildConfigurationList = 83123456123456781234566F /* Build configuration list for PBXProject "WaterTimeWidget" */;
			compatibilityVersion = "Xcode 14.0";
			developmentRegion = en;
			hasScannedForEncodings = 0;
			knownRegions = (
				en,
				Base,
			);
			mainGroup = 83123456123456781234566D /* */;
			productRefGroup = 831234561234567812345674 /* Products */;
			projectDirPath = "";
			projectRoot = "";
			targets = (
				831234561234567812345673 /* WaterTimeWidget */,
			);
		};
/* End PBXProject section */

/* Begin PBXResourcesBuildPhase section */
		831234561234567812345674 /* Resources */ = {
			isa = PBXResourcesBuildPhase;
			buildActionMask = 2147483647;
			files = (
			);
			runOnlyForDeploymentPostprocessing = 0;
		};
/* End PBXResourcesBuildPhase section */

/* Begin PBXSourcesBuildPhase section */
		831234561234567812345670 /* Sources */ = {
			isa = PBXSourcesBuildPhase;
			buildActionMask = 2147483647;
			files = (
				831234561234567812345678 /* WaterTimeWidget.swift in Sources */,
				831234561234567812345679 /* WaterTimeWidgetIntents.swift in Sources */,
			);
			runOnlyForDeploymentPostprocessing = 0;
		};
/* End PBXSourcesBuildPhase section */

/* Begin XCBuildConfiguration section */
		83123456123456781234567A /* Debug */ = {
			isa = XCBuildConfiguration;
			buildSettings = {
				ASSETCATALOG_COMPILER_APPICON_NAME = AppIcon;
				ASSETCATALOG_COMPILER_GLOBAL_ACCENT_COLOR_NAME = AccentColor;
				CLANG_ENABLE_MODULES = YES;
				CODE_SIGN_ENTITLEMENTS = WaterTimeWidget/WaterTimeWidget.entitlements;
				CODE_SIGN_STYLE = Automatic;
				CURRENT_PROJECT_VERSION = 1;
				DEVELOPMENT_TEAM = "";
				GENERATE_INFOPLIST_FILE = NO;
				INFOPLIST_FILE = WaterTimeWidget/Info.plist;
				INFOPLIST_KEY_NSSupportsLiveActivities = YES;
				INFOPLIST_KEY_NSExtensionPointIdentifier = "com.apple.widgetkit-extension";
				IPHONEOS_DEPLOYMENT_TARGET = 14.0;
				LD_RUNPATH_SEARCH_PATHS = (
					"$(inherited)",
					"@executable_path/Frameworks",
				);
				MARKETING_VERSION = 1.0;
				PRODUCT_BUNDLE_IDENTIFIER = com.watertimeapp.widget;
				PRODUCT_NAME = "$(TARGET_NAME)";
				SKIP_INSTALL = YES;
				SWIFT_EMIT_LOC_STRINGS = YES;
				SWIFT_VERSION = 5.0;
				TARGETED_DEVICE_FAMILY = "1,2";
			};
			name = Debug;
		};
		83123456123456781234567B /* Release */ = {
			isa = XCBuildConfiguration;
			buildSettings = {
				ASSETCATALOG_COMPILER_APPICON_NAME = AppIcon;
				ASSETCATALOG_COMPILER_GLOBAL_ACCENT_COLOR_NAME = AccentColor;
				CLANG_ENABLE_MODULES = YES;
				CODE_SIGN_ENTITLEMENTS = WaterTimeWidget/WaterTimeWidget.entitlements;
				CODE_SIGN_STYLE = Automatic;
				CURRENT_PROJECT_VERSION = 1;
				DEVELOPMENT_TEAM = "";
				GENERATE_INFOPLIST_FILE = NO;
				INFOPLIST_FILE = WaterTimeWidget/Info.plist;
				INFOPLIST_KEY_NSSupportsLiveActivities = YES;
				INFOPLIST_KEY_NSExtensionPointIdentifier = "com.apple.widgetkit-extension";
				IPHONEOS_DEPLOYMENT_TARGET = 14.0;
				LD_RUNPATH_SEARCH_PATHS = (
					"$(inherited)",
					"@executable_path/Frameworks",
				);
				MARKETING_VERSION = 1.0;
				PRODUCT_BUNDLE_IDENTIFIER = com.watertimeapp.widget;
				PRODUCT_NAME = "$(TARGET_NAME)";
				SKIP_INSTALL = YES;
				SWIFT_EMIT_LOC_STRINGS = YES;
				SWIFT_OPTIMIZATION_LEVEL = "-O";
				SWIFT_VERSION = 5.0;
				TARGETED_DEVICE_FAMILY = "1,2";
			};
			name = Release;
		};
/* End XCBuildConfiguration section */

/* Begin XCConfigurationList section */
		83123456123456781234566F /* Build configuration list for PBXProject "WaterTimeWidget" */ = {
			isa = XCConfigurationList;
			buildConfigurations = (
				83123456123456781234567C /* Debug */,
				83123456123456781234567D /* Debug */,
			);
			defaultConfigurationIsVisible = 0;
			defaultConfigurationName = Release;
		};
		83123456123456781234567D /* Build configuration list for PBXNativeTarget "WaterTimeWidget" */ = {
			isa = XCConfigurationList;
			buildConfigurations = (
				83123456123456781234567A /* Debug */,
				83123456123456781234567B /* Release */,
			);
			defaultConfigurationIsVisible = 0;
			defaultConfigurationName = Release;
		};
/* End XCConfigurationList section */
	};
	rootObject = 83123456123456781234566C /* Project object */;
}
